
Microsoft Visual Studio Solution File, Format Version 12.00
# Visual Studio Version 18
VisualStudioVersion = 18.1.11312.151
MinimumVisualStudioVersion = 10.0.40219.1
Project("{2150E333-8FDC-42A3-9474-1A3956D46DE8}") = "Solution Items", "Solution Items", "{FED582E1-53F4-4E19-BD61-27EA82C3B8D6}"
	ProjectSection(SolutionItems) = preProject
		.editorconfig = .editorconfig
	EndProjectSection
EndProject
Project("{FAE04EC0-301F-11D3-BF4B-00C04F79EFBC}") = "Example", "src\Examples\Example\Example.csproj", "{B943FE98-3838-40C3-BA9E-5376A1DE5729}"
EndProject
Project("{2150E333-8FDC-42A3-9474-1A3956D46DE8}") = "Examples", "Examples", "{36D591C7-65C7-A0D1-1CBC-10CDE441BDC8}"
EndProject
Project("{2150E333-8FDC-42A3-9474-1A3956D46DE8}") = "Shared", "Shared", "{B4AC17F5-7D23-4362-B39E-7321018362D1}"
EndProject
Project("{FAE04EC0-301F-11D3-BF4B-00C04F79EFBC}") = "Munchkin.App", "src\Shared\Munchkin.App\Munchkin.App.csproj", "{5591AF75-B8E6-4DFD-AB6F-500342D7BA53}"
EndProject
Project("{FAE04EC0-301F-11D3-BF4B-00C04F79EFBC}") = "Munchkin.States", "src\Shared\Munchkin.States\Munchkin.States.csproj", "{CB6EE89F-DC1A-414F-B34A-E7FB9EA655B5}"
EndProject
Project("{FAE04EC0-301F-11D3-BF4B-00C04F79EFBC}") = "Munchkin.Rules", "src\Shared\Munchkin.Rules\Munchkin.Rules.csproj", "{48A0D317-D893-4872-9108-CDEF361AED8C}"
EndProject
Project("{FAE04EC0-301F-11D3-BF4B-00C04F79EFBC}") = "Munchkin.Entities", "src\Shared\Munchkin.Entities\Munchkin.Entities.csproj", "{D5BF6DF4-36EE-4DA0-9EAA-75A1128D71A3}"
EndProject
Project("{FAE04EC0-301F-11D3-BF4B-00C04F79EFBC}") = "Munchkin.Utils", "src\Shared\Munchkin.Utils\Munchkin.Utils.csproj", "{581BDAB0-AB30-4745-B0D1-BD6421CCD98F}"
EndProject
Project("{FAE04EC0-301F-11D3-BF4B-00C04F79EFBC}") = "Munchkin.Scenes", "src\Shared\Munchkin.Scenes\Munchkin.Scenes.csproj", "{F51492D3-E987-457D-84B6-A633F7D86F5C}"
EndProject
Project("{FAE04EC0-301F-11D3-BF4B-00C04F79EFBC}") = "Munchkin.Cards", "src\Shared\Munchkin.Cards\Munchkin.Cards.csproj", "{46A21736-1D19-49FF-8997-009128F998D4}"
EndProject
Project("{FAE04EC0-301F-11D3-BF4B-00C04F79EFBC}") = "Munchkin.App.Core", "src\Shared\Munchkin.App.Core\Munchkin.App.Core.csproj", "{5005F476-D206-4C5F-AE50-925FF8EA6858}"
EndProject
Project("{2150E333-8FDC-42A3-9474-1A3956D46DE8}") = "App", "App", "{BD5333D0-6637-414E-8AB8-A4BC52A33010}"
EndProject
Project("{2150E333-8FDC-42A3-9474-1A3956D46DE8}") = "Core", "Core", "{331F75BB-6DBE-4E7B-A3F0-C650FE1691C0}"
EndProject
Global
	GlobalSection(SolutionConfigurationPlatforms) = preSolution
		Debug|Any CPU = Debug|Any CPU
		Release|Any CPU = Release|Any CPU
	EndGlobalSection
	GlobalSection(ProjectConfigurationPlatforms) = postSolution
		{B943FE98-3838-40C3-BA9E-5376A1DE5729}.Debug|Any CPU.ActiveCfg = Debug|Any CPU
		{B943FE98-3838-40C3-BA9E-5376A1DE5729}.Debug|Any CPU.Build.0 = Debug|Any CPU
		{B943FE98-3838-40C3-BA9E-5376A1DE5729}.Release|Any CPU.ActiveCfg = Release|Any CPU
		{B943FE98-3838-40C3-BA9E-5376A1DE5729}.Release|Any CPU.Build.0 = Release|Any CPU
		{5591AF75-B8E6-4DFD-AB6F-500342D7BA53}.Debug|Any CPU.ActiveCfg = Debug|Any CPU
		{5591AF75-B8E6-4DFD-AB6F-500342D7BA53}.Debug|Any CPU.Build.0 = Debug|Any CPU
		{5591AF75-B8E6-4DFD-AB6F-500342D7BA53}.Release|Any CPU.ActiveCfg = Release|Any CPU
		{5591AF75-B8E6-4DFD-AB6F-500342D7BA53}.Release|Any CPU.Build.0 = Release|Any CPU
		{CB6EE89F-DC1A-414F-B34A-E7FB9EA655B5}.Debug|Any CPU.ActiveCfg = Debug|Any CPU
		{CB6EE89F-DC1A-414F-B34A-E7FB9EA655B5}.Debug|Any CPU.Build.0 = Debug|Any CPU
		{CB6EE89F-DC1A-414F-B34A-E7FB9EA655B5}.Release|Any CPU.ActiveCfg = Release|Any CPU
		{CB6EE89F-DC1A-414F-B34A-E7FB9EA655B5}.Release|Any CPU.Build.0 = Release|Any CPU
		{48A0D317-D893-4872-9108-CDEF361AED8C}.Debug|Any CPU.ActiveCfg = Debug|Any CPU
		{48A0D317-D893-4872-9108-CDEF361AED8C}.Debug|Any CPU.Build.0 = Debug|Any CPU
		{48A0D317-D893-4872-9108-CDEF361AED8C}.Release|Any CPU.ActiveCfg = Release|Any CPU
		{48A0D317-D893-4872-9108-CDEF361AED8C}.Release|Any CPU.Build.0 = Release|Any CPU
		{D5BF6DF4-36EE-4DA0-9EAA-75A1128D71A3}.Debug|Any CPU.ActiveCfg = Debug|Any CPU
		{D5BF6DF4-36EE-4DA0-9EAA-75A1128D71A3}.Debug|Any CPU.Build.0 = Debug|Any CPU
		{D5BF6DF4-36EE-4DA0-9EAA-75A1128D71A3}.Release|Any CPU.ActiveCfg = Release|Any CPU
		{D5BF6DF4-36EE-4DA0-9EAA-75A1128D71A3}.Release|Any CPU.Build.0 = Release|Any CPU
		{581BDAB0-AB30-4745-B0D1-BD6421CCD98F}.Debug|Any CPU.ActiveCfg = Debug|Any CPU
		{581BDAB0-AB30-4745-B0D1-BD6421CCD98F}.Debug|Any CPU.Build.0 = Debug|Any CPU
		{581BDAB0-AB30-4745-B0D1-BD6421CCD98F}.Release|Any CPU.ActiveCfg = Release|Any CPU
		{581BDAB0-AB30-4745-B0D1-BD6421CCD98F}.Release|Any CPU.Build.0 = Release|Any CPU
		{F51492D3-E987-457D-84B6-A633F7D86F5C}.Debug|Any CPU.ActiveCfg = Debug|Any CPU
		{F51492D3-E987-457D-84B6-A633F7D86F5C}.Debug|Any CPU.Build.0 = Debug|Any CPU
		{F51492D3-E987-457D-84B6-A633F7D86F5C}.Release|Any CPU.ActiveCfg = Release|Any CPU
		{F51492D3-E987-457D-84B6-A633F7D86F5C}.Release|Any CPU.Build.0 = Release|Any CPU
		{46A21736-1D19-49FF-8997-009128F998D4}.Debug|Any CPU.ActiveCfg = Debug|Any CPU
		{46A21736-1D19-49FF-8997-009128F998D4}.Debug|Any CPU.Build.0 = Debug|Any CPU
		{46A21736-1D19-49FF-8997-009128F998D4}.Release|Any CPU.ActiveCfg = Release|Any CPU
		{46A21736-1D19-49FF-8997-009128F998D4}.Release|Any CPU.Build.0 = Release|Any CPU
		{5005F476-D206-4C5F-AE50-925FF8EA6858}.Debug|Any CPU.ActiveCfg = Debug|Any CPU
		{5005F476-D206-4C5F-AE50-925FF8EA6858}.Debug|Any CPU.Build.0 = Debug|Any CPU
		{5005F476-D206-4C5F-AE50-925FF8EA6858}.Release|Any CPU.ActiveCfg = Release|Any CPU
		{5005F476-D206-4C5F-AE50-925FF8EA6858}.Release|Any CPU.Build.0 = Release|Any CPU
	EndGlobalSection
	GlobalSection(SolutionProperties) = preSolution
		HideSolutionNode = FALSE
	EndGlobalSection
	GlobalSection(NestedProjects) = preSolution
		{B943FE98-3838-40C3-BA9E-5376A1DE5729} = {36D591C7-65C7-A0D1-1CBC-10CDE441BDC8}
		{5591AF75-B8E6-4DFD-AB6F-500342D7BA53} = {BD5333D0-6637-414E-8AB8-A4BC52A33010}
		{CB6EE89F-DC1A-414F-B34A-E7FB9EA655B5} = {331F75BB-6DBE-4E7B-A3F0-C650FE1691C0}
		{48A0D317-D893-4872-9108-CDEF361AED8C} = {331F75BB-6DBE-4E7B-A3F0-C650FE1691C0}
		{D5BF6DF4-36EE-4DA0-9EAA-75A1128D71A3} = {331F75BB-6DBE-4E7B-A3F0-C650FE1691C0}
		{581BDAB0-AB30-4745-B0D1-BD6421CCD98F} = {331F75BB-6DBE-4E7B-A3F0-C650FE1691C0}
		{F51492D3-E987-457D-84B6-A633F7D86F5C} = {331F75BB-6DBE-4E7B-A3F0-C650FE1691C0}
		{46A21736-1D19-49FF-8997-009128F998D4} = {331F75BB-6DBE-4E7B-A3F0-C650FE1691C0}
		{5005F476-D206-4C5F-AE50-925FF8EA6858} = {BD5333D0-6637-414E-8AB8-A4BC52A33010}
		{BD5333D0-6637-414E-8AB8-A4BC52A33010} = {B4AC17F5-7D23-4362-B39E-7321018362D1}
		{331F75BB-6DBE-4E7B-A3F0-C650FE1691C0} = {B4AC17F5-7D23-4362-B39E-7321018362D1}
	EndGlobalSection
	GlobalSection(ExtensibilityGlobals) = postSolution
		SolutionGuid = {6B29B14D-5793-4FFE-A488-7CB40348764F}
	EndGlobalSection
EndGlobal
